<?xml version="1.0" encoding="utf-8"?>
<Project ToolsVersion="4.0" xmlns="http://schemas.microsoft.com/developer/msbuild/2003">
  <ItemGroup>
    <Filter Include="Source Files">
      <UniqueIdentifier>{5b97e786-6ce6-4668-a61a-e1d011162c84}</UniqueIdentifier>
      <Extensions>cpp;c;cxx;rc;def;r;odl;idl;hpj;bat</Extensions>
    </Filter>
    <Filter Include="Header Files">
      <UniqueIdentifier>{c46a8d63-7e0c-4a88-bf65-941471f8cb68}</UniqueIdentifier>
      <Extensions>h;hpp;hxx;hm;inl</Extensions>
    </Filter>
    <Filter Include="Test Data">
      <UniqueIdentifier>{1f1f5dba-415e-4f11-9636-e2e8af9da073}</UniqueIdentifier>
    </Filter>
    <Filter Include="Resource Files">
      <UniqueIdentifier>{cd67db4a-27c0-46d4-ad09-d37c9c603fe4}</UniqueIdentifier>
      <Extensions>ico;cur;bmp;dlg;rc2;rct;bin;rgs;gif;jpg;jpeg;jpe</Extensions>
    </Filter>
  </ItemGroup>
  <ItemGroup>
    <ClCompile Include="..\..\sample\ann_sample.cpp">
      <Filter>Source Files</Filter>
    </ClCompile>
  </ItemGroup>
  <ItemGroup>
    <Text Include="ReadMe.txt" />
  </ItemGroup>
  <ItemGroup>
    <CustomBuild Include="data_pts">
      <Filter>Test Data</Filter>
    </CustomBuild>
    <CustomBuild Include="query_pts">
      <Filter>Test Data</Filter>
    </CustomBuild>
    <CustomBuild Include="sample.out">
      <Filter>Test Data</Filter>
    </CustomBuild>
  </ItemGroup>
</Project>